
Microsoft Visual Studio Solution File, Format Version 12.00
# Visual Studio 15
VisualStudioVersion = 15.0.34031.82
MinimumVisualStudioVersion = 10.0.40219.1
Project("{FAE04EC0-301F-11D3-BF4B-00C04F79EFBC}") = "NoteBook", "NoteBook\NoteBook.csproj", "{E6F43D3D-ACB7-4B9D-957E-FF5D0B4745AB}"
EndProject
Global
	GlobalSection(SolutionConfigurationPlatforms) = preSolution
		Debug|Any CPU = Debug|Any CPU
		Release|Any CPU = Release|Any CPU
	EndGlobalSection
	GlobalSection(ProjectConfigurationPlatforms) = postSolution
		{E6F43D3D-ACB7-4B9D-957E-FF5D0B4745AB}.Debug|Any CPU.ActiveCfg = Debug|Any CPU
		{E6F43D3D-ACB7-4B9D-957E-FF5D0B4745AB}.Debug|Any CPU.Build.0 = Debug|Any CPU
		{E6F43D3D-ACB7-4B9D-957E-FF5D0B4745AB}.Release|Any CPU.ActiveCfg = Release|Any CPU
		{E6F43D3D-ACB7-4B9D-957E-FF5D0B4745AB}.Release|Any CPU.Build.0 = Release|Any CPU
	EndGlobalSection
	GlobalSection(SolutionProperties) = preSolution
		HideSolutionNode = FALSE
	EndGlobalSection
	GlobalSection(ExtensibilityGlobals) = postSolution
		SolutionGuid = {D6A020F0-DCA1-44A4-8050-43E009A1E933}
	EndGlobalSection
EndGlobal
